{
  "name": "website",
  "version": "1.0.0",
  "lockfileVersion": 1,
  "requires": true,
  "dependencies": {
    "ejs": {
      "version": "2.6.1",
      "resolved": "https://registry.npmjs.org/ejs/-/ejs-2.6.1.tgz",
      "integrity": "sha512-0xy4A/twfrRCnkhfk8ErDi5DqdAsAqeGxht4xkCUrsvhhbQNs7E+4jV0CN7+NKIY0aHE72+XvqtBIXzD31ZbXQ=="
    },
    "nodemailer": {
      "version": "6.2.1",
      "resolved": "https://registry.npmjs.org/nodemailer/-/nodemailer-6.2.1.tgz",
      "integrity": "sha512-TagB7iuIi9uyNgHExo8lUDq3VK5/B0BpbkcjIgNvxbtVrjNqq0DwAOTuzALPVkK76kMhTSzIgHqg8X1uklVs6g=="
    }
  }
}
